// !$*UTF8*$!
{
	archiveVersion = 1;
	classes = {
	};
	objectVersion = 56;
	objects = {

/* Begin PBXBuildFile section */
		A378F73D2A4144BB00D510D4 /* History.swift in Sources */ = {isa = PBXBuildFile; fileRef = A378F73C2A4144BB00D510D4 /* History.swift */; };
		A378F73F2A4145F000D510D4 /* Profile.swift in Sources */ = {isa = PBXBuildFile; fileRef = A378F73E2A4145F000D510D4 /* Profile.swift */; };
		A3D440032A3D4F880061493B /* RumahkuApp.swift in Sources */ = {isa = PBXBuildFile; fileRef = A3D440022A3D4F880061493B /* RumahkuApp.swift */; };
		A3D440052A3D4F880061493B /* ContentView.swift in Sources */ = {isa = PBXBuildFile; fileRef = A3D440042A3D4F880061493B /* ContentView.swift */; };
		A3D440072A3D4F8D0061493B /* Assets.xcassets in Resources */ = {isa = PBXBuildFile; fileRef = A3D440062A3D4F8D0061493B /* Assets.xcassets */; };
		A3D4400A2A3D4F8D0061493B /* Preview Assets.xcassets in Resources */ = {isa = PBXBuildFile; fileRef = A3D440092A3D4F8D0061493B /* Preview Assets.xcassets */; };
		A3D440142A3D4FCC0061493B /* Api Services.swift in Sources */ = {isa = PBXBuildFile; fileRef = A3D440132A3D4FCC0061493B /* Api Services.swift */; };
		A3D440162A3D4FF30061493B /* DetailView.swift in Sources */ = {isa = PBXBuildFile; fileRef = A3D440152A3D4FF20061493B /* DetailView.swift */; };
		A3D440182A3D50130061493B /* DataModel.swift in Sources */ = {isa = PBXBuildFile; fileRef = A3D440172A3D50130061493B /* DataModel.swift */; };
		A3E3DA1F2A40197300D088E1 /* Manrope-Light.ttf in Resources */ = {isa = PBXBuildFile; fileRef = A3E3DA182A40197100D088E1 /* Manrope-Light.ttf */; };
		A3E3DA202A40197300D088E1 /* Manrope-ExtraBold.ttf in Resources */ = {isa = PBXBuildFile; fileRef = A3E3DA192A40197200D088E1 /* Manrope-ExtraBold.ttf */; };
		A3E3DA212A40197300D088E1 /* Manrope-SemiBold.ttf in Resources */ = {isa = PBXBuildFile; fileRef = A3E3DA1A2A40197200D088E1 /* Manrope-SemiBold.ttf */; };
		A3E3DA222A40197300D088E1 /* Manrope-Bold.ttf in Resources */ = {isa = PBXBuildFile; fileRef = A3E3DA1B2A40197200D088E1 /* Manrope-Bold.ttf */; };
		A3E3DA232A40197300D088E1 /* Manrope-Medium.ttf in Resources */ = {isa = PBXBuildFile; fileRef = A3E3DA1C2A40197200D088E1 /* Manrope-Medium.ttf */; };
		A3E3DA242A40197300D088E1 /* Manrope-ExtraLight.ttf in Resources */ = {isa = PBXBuildFile; fileRef = A3E3DA1D2A40197300D088E1 /* Manrope-ExtraLight.ttf */; };
		A3E3DA252A40197300D088E1 /* Manrope-Regular.ttf in Resources */ = {isa = PBXBuildFile; fileRef = A3E3DA1E2A40197300D088E1 /* Manrope-Regular.ttf */; };
		A3E3DA292A402B8B00D088E1 /* Saved.swift in Sources */ = {isa = PBXBuildFile; fileRef = A3E3DA282A402B8B00D088E1 /* Saved.swift */; };
		A3E3DA2B2A405EEE00D088E1 /* Search.swift in Sources */ = {isa = PBXBuildFile; fileRef = A3E3DA2A2A405EEE00D088E1 /* Search.swift */; };
/* End PBXBuildFile section */

/* Begin PBXFileReference section */
		A378F73C2A4144BB00D510D4 /* History.swift */ = {isa = PBXFileReference; lastKnownFileType = sourcecode.swift; path = History.swift; sourceTree = "<group>"; };
		A378F73E2A4145F000D510D4 /* Profile.swift */ = {isa = PBXFileReference; lastKnownFileType = sourcecode.swift; path = Profile.swift; sourceTree = "<group>"; };
		A3D43FFF2A3D4F880061493B /* Rumahku.app */ = {isa = PBXFileReference; explicitFileType = wrapper.application; includeInIndex = 0; path = Rumahku.app; sourceTree = BUILT_PRODUCTS_DIR; };
		A3D440022A3D4F880061493B /* RumahkuApp.swift */ = {isa = PBXFileReference; lastKnownFileType = sourcecode.swift; path = RumahkuApp.swift; sourceTree = "<group>"; };
		A3D440042A3D4F880061493B /* ContentView.swift */ = {isa = PBXFileReference; lastKnownFileType = sourcecode.swift; path = ContentView.swift; sourceTree = "<group>"; };
		A3D440062A3D4F8D0061493B /* Assets.xcassets */ = {isa = PBXFileReference; lastKnownFileType = folder.assetcatalog; path = Assets.xcassets; sourceTree = "<group>"; };
		A3D440092A3D4F8D0061493B /* Preview Assets.xcassets */ = {isa = PBXFileReference; lastKnownFileType = folder.assetcatalog; path = "Preview Assets.xcassets"; sourceTree = "<group>"; };
		A3D440132A3D4FCC0061493B /* Api Services.swift */ = {isa = PBXFileReference; lastKnownFileType = sourcecode.swift; path = "Api Services.swift"; sourceTree = "<group>"; };
		A3D440152A3D4FF20061493B /* DetailView.swift */ = {isa = PBXFileReference; lastKnownFileType = sourcecode.swift; path = DetailView.swift; sourceTree = "<group>"; };
		A3D440172A3D50130061493B /* DataModel.swift */ = {isa = PBXFileReference; lastKnownFileType = sourcecode.swift; path = DataModel.swift; sourceTree = "<group>"; };
		A3E3DA182A40197100D088E1 /* Manrope-Light.ttf */ = {isa = PBXFileReference; lastKnownFileType = file; path = "Manrope-Light.ttf"; sourceTree = "<group>"; };
		A3E3DA192A40197200D088E1 /* Manrope-ExtraBold.ttf */ = {isa = PBXFileReference; lastKnownFileType = file; path = "Manrope-ExtraBold.ttf"; sourceTree = "<group>"; };
		A3E3DA1A2A40197200D088E1 /* Manrope-SemiBold.ttf */ = {isa = PBXFileReference; lastKnownFileType = file; path = "Manrope-SemiBold.ttf"; sourceTree = "<group>"; };
		A3E3DA1B2A40197200D088E1 /* Manrope-Bold.ttf */ = {isa = PBXFileReference; lastKnownFileType = file; path = "Manrope-Bold.ttf"; sourceTree = "<group>"; };
		A3E3DA1C2A40197200D088E1 /* Manrope-Medium.ttf */ = {isa = PBXFileReference; lastKnownFileType = file; path = "Manrope-Medium.ttf"; sourceTree = "<group>"; };
		A3E3DA1D2A40197300D088E1 /* Manrope-ExtraLight.ttf */ = {isa = PBXFileReference; lastKnownFileType = file; path = "Manrope-ExtraLight.ttf"; sourceTree = "<group>"; };
		A3E3DA1E2A40197300D088E1 /* Manrope-Regular.ttf */ = {isa = PBXFileReference; lastKnownFileType = file; path = "Manrope-Regular.ttf"; sourceTree = "<group>"; };
		A3E3DA262A4019C700D088E1 /* Info.plist */ = {isa = PBXFileReference; lastKnownFileType = text.plist; path = Info.plist; sourceTree = "<group>"; };
		A3E3DA282A402B8B00D088E1 /* Saved.swift */ = {isa = PBXFileReference; lastKnownFileType = sourcecode.swift; path = Saved.swift; sourceTree = "<group>"; };
		A3E3DA2A2A405EEE00D088E1 /* Search.swift */ = {isa = PBXFileReference; lastKnownFileType = sourcecode.swift; path = Search.swift; sourceTree = "<group>"; };
/* End PBXFileReference section */

/* Begin PBXFrameworksBuildPhase section */
		A3D43FFC2A3D4F880061493B /* Frameworks */ = {
			isa = PBXFrameworksBuildPhase;
			buildActionMask = 2147483647;
			files = (
			);
			runOnlyForDeploymentPostprocessing = 0;
		};
/* End PBXFrameworksBuildPhase section */

/* Begin PBXGroup section */
		A3D43FF62A3D4F870061493B = {
			isa = PBXGroup;
			children = (
				A3D440012A3D4F880061493B /* Rumahku */,
				A3D440002A3D4F880061493B /* Products */,
			);
			sourceTree = "<group>";
		};
		A3D440002A3D4F880061493B /* Products */ = {
			isa = PBXGroup;
			children = (
				A3D43FFF2A3D4F880061493B /* Rumahku.app */,
			);
			name = Products;
			sourceTree = "<group>";
		};
		A3D440012A3D4F880061493B /* Rumahku */ = {
			isa = PBXGroup;
			children = (
				A3E3DA272A401E2300D088E1 /* Font */,
				A3E3DA262A4019C700D088E1 /* Info.plist */,
				A3D440122A3D4FAB0061493B /* Web Service */,
				A3D440112A3D4FA20061493B /* View */,
				A3D440102A3D4F9B0061493B /* Model */,
				A3D440022A3D4F880061493B /* RumahkuApp.swift */,
				A3D440042A3D4F880061493B /* ContentView.swift */,
				A3D440062A3D4F8D0061493B /* Assets.xcassets */,
				A3D440082A3D4F8D0061493B /* Preview Content */,
			);
			path = Rumahku;
			sourceTree = "<group>";
		};
		A3D440082A3D4F8D0061493B /* Preview Content */ = {
			isa = PBXGroup;
			children = (
				A3D440092A3D4F8D0061493B /* Preview Assets.xcassets */,
			);
			path = "Preview Content";
			sourceTree = "<group>";
		};
		A3D440102A3D4F9B0061493B /* Model */ = {
			isa = PBXGroup;
			children = (
				A3D440172A3D50130061493B /* DataModel.swift */,
			);
			path = Model;
			sourceTree = "<group>";
		};
		A3D440112A3D4FA20061493B /* View */ = {
			isa = PBXGroup;
			children = (
				A3D440152A3D4FF20061493B /* DetailView.swift */,
				A3E3DA282A402B8B00D088E1 /* Saved.swift */,
				A3E3DA2A2A405EEE00D088E1 /* Search.swift */,
				A378F73C2A4144BB00D510D4 /* History.swift */,
				A378F73E2A4145F000D510D4 /* Profile.swift */,
			);
			path = View;
			sourceTree = "<group>";
		};
		A3D440122A3D4FAB0061493B /* Web Service */ = {
			isa = PBXGroup;
			children = (
				A3D440132A3D4FCC0061493B /* Api Services.swift */,
			);
			path = "Web Service";
			sourceTree = "<group>";
		};
		A3E3DA272A401E2300D088E1 /* Font */ = {
			isa = PBXGroup;
			children = (
				A3E3DA1B2A40197200D088E1 /* Manrope-Bold.ttf */,
				A3E3DA192A40197200D088E1 /* Manrope-ExtraBold.ttf */,
				A3E3DA1D2A40197300D088E1 /* Manrope-ExtraLight.ttf */,
				A3E3DA182A40197100D088E1 /* Manrope-Light.ttf */,
				A3E3DA1C2A40197200D088E1 /* Manrope-Medium.ttf */,
				A3E3DA1E2A40197300D088E1 /* Manrope-Regular.ttf */,
				A3E3DA1A2A40197200D088E1 /* Manrope-SemiBold.ttf */,
			);
			path = Font;
			sourceTree = "<group>";
		};
/* End PBXGroup section */

/* Begin PBXNativeTarget section */
		A3D43FFE2A3D4F880061493B /* Rumahku */ = {
			isa = PBXNativeTarget;
			buildConfigurationList = A3D4400D2A3D4F8D0061493B /* Build configuration list for PBXNativeTarget "Rumahku" */;
			buildPhases = (
				A3D43FFB2A3D4F880061493B /* Sources */,
				A3D43FFC2A3D4F880061493B /* Frameworks */,
				A3D43FFD2A3D4F880061493B /* Resources */,
			);
			buildRules = (
			);
			dependencies = (
			);
			name = Rumahku;
			productName = Rumahku;
			productReference = A3D43FFF2A3D4F880061493B /* Rumahku.app */;
			productType = "com.apple.product-type.application";
		};
/* End PBXNativeTarget section */

/* Begin PBXProject section */
		A3D43FF72A3D4F870061493B /* Project object */ = {
			isa = PBXProject;
			attributes = {
				BuildIndependentTargetsInParallel = 1;
				LastSwiftUpdateCheck = 1410;
				LastUpgradeCheck = 1410;
				TargetAttributes = {
					A3D43FFE2A3D4F880061493B = {
						CreatedOnToolsVersion = 14.1;
					};
				};
			};
			buildConfigurationList = A3D43FFA2A3D4F870061493B /* Build configuration list for PBXProject "Rumahku" */;
			compatibilityVersion = "Xcode 14.0";
			developmentRegion = en;
			hasScannedForEncodings = 0;
			knownRegions = (
				en,
				Base,
			);
			mainGroup = A3D43FF62A3D4F870061493B;
			productRefGroup = A3D440002A3D4F880061493B /* Products */;
			projectDirPath = "";
			projectRoot = "";
			targets = (
				A3D43FFE2A3D4F880061493B /* Rumahku */,
			);
		};
/* End PBXProject section */

/* Begin PBXResourcesBuildPhase section */
		A3D43FFD2A3D4F880061493B /* Resources */ = {
			isa = PBXResourcesBuildPhase;
			buildActionMask = 2147483647;
			files = (
				A3E3DA212A40197300D088E1 /* Manrope-SemiBold.ttf in Resources */,
				A3D4400A2A3D4F8D0061493B /* Preview Assets.xcassets in Resources */,
				A3E3DA202A40197300D088E1 /* Manrope-ExtraBold.ttf in Resources */,
				A3E3DA232A40197300D088E1 /* Manrope-Medium.ttf in Resources */,
				A3E3DA1F2A40197300D088E1 /* Manrope-Light.ttf in Resources */,
				A3E3DA252A40197300D088E1 /* Manrope-Regular.ttf in Resources */,
				A3E3DA242A40197300D088E1 /* Manrope-ExtraLight.ttf in Resources */,
				A3E3DA222A40197300D088E1 /* Manrope-Bold.ttf in Resources */,
				A3D440072A3D4F8D0061493B /* Assets.xcassets in Resources */,
			);
			runOnlyForDeploymentPostprocessing = 0;
		};
/* End PBXResourcesBuildPhase section */

/* Begin PBXSourcesBuildPhase section */
		A3D43FFB2A3D4F880061493B /* Sources */ = {
			isa = PBXSourcesBuildPhase;
			buildActionMask = 2147483647;
			files = (
				A3D440182A3D50130061493B /* DataModel.swift in Sources */,
				A3D440142A3D4FCC0061493B /* Api Services.swift in Sources */,
				A378F73D2A4144BB00D510D4 /* History.swift in Sources */,
				A3D440162A3D4FF30061493B /* DetailView.swift in Sources */,
				A3E3DA292A402B8B00D088E1 /* Saved.swift in Sources */,
				A3D440052A3D4F880061493B /* ContentView.swift in Sources */,
				A3D440032A3D4F880061493B /* RumahkuApp.swift in Sources */,
				A378F73F2A4145F000D510D4 /* Profile.swift in Sources */,
				A3E3DA2B2A405EEE00D088E1 /* Search.swift in Sources */,
			);
			runOnlyForDeploymentPostprocessing = 0;
		};
/* End PBXSourcesBuildPhase section */

/* Begin XCBuildConfiguration section */
		A3D4400B2A3D4F8D0061493B /* Debug */ = {
			isa = XCBuildConfiguration;
			buildSettings = {
				ALWAYS_SEARCH_USER_PATHS = NO;
				CLANG_ANALYZER_NONNULL = YES;
				CLANG_ANALYZER_NUMBER_OBJECT_CONVERSION = YES_AGGRESSIVE;
				CLANG_CXX_LANGUAGE_STANDARD = "gnu++20";
				CLANG_ENABLE_MODULES = YES;
				CLANG_ENABLE_OBJC_ARC = YES;
				CLANG_ENABLE_OBJC_WEAK = YES;
				CLANG_WARN_BLOCK_CAPTURE_AUTORELEASING = YES;
				CLANG_WARN_BOOL_CONVERSION = YES;
				CLANG_WARN_COMMA = YES;
				CLANG_WARN_CONSTANT_CONVERSION = YES;
				CLANG_WARN_DEPRECATED_OBJC_IMPLEMENTATIONS = YES;
				CLANG_WARN_DIRECT_OBJC_ISA_USAGE = YES_ERROR;
				CLANG_WARN_DOCUMENTATION_COMMENTS = YES;
				CLANG_WARN_EMPTY_BODY = YES;
				CLANG_WARN_ENUM_CONVERSION = YES;
				CLANG_WARN_INFINITE_RECURSION = YES;
				CLANG_WARN_INT_CONVERSION = YES;
				CLANG_WARN_NON_LITERAL_NULL_CONVERSION = YES;
				CLANG_WARN_OBJC_IMPLICIT_RETAIN_SELF = YES;
				CLANG_WARN_OBJC_LITERAL_CONVERSION = YES;
				CLANG_WARN_OBJC_ROOT_CLASS = YES_ERROR;
				CLANG_WARN_QUOTED_INCLUDE_IN_FRAMEWORK_HEADER = YES;
				CLANG_WARN_RANGE_LOOP_ANALYSIS = YES;
				CLANG_WARN_STRICT_PROTOTYPES = YES;
				CLANG_WARN_SUSPICIOUS_MOVE = YES;
				CLANG_WARN_UNGUARDED_AVAILABILITY = YES_AGGRESSIVE;
				CLANG_WARN_UNREACHABLE_CODE = YES;
				CLANG_WARN__DUPLICATE_METHOD_MATCH = YES;
				COPY_PHASE_STRIP = NO;
				DEBUG_INFORMATION_FORMAT = dwarf;
				ENABLE_STRICT_OBJC_MSGSEND = YES;
				ENABLE_TESTABILITY = YES;
				GCC_C_LANGUAGE_STANDARD = gnu11;
				GCC_DYNAMIC_NO_PIC = NO;
				GCC_NO_COMMON_BLOCKS = YES;
				GCC_OPTIMIZATION_LEVEL = 0;
				GCC_PREPROCESSOR_DEFINITIONS = (
					"DEBUG=1",
					"$(inherited)",
				);
				GCC_WARN_64_TO_32_BIT_CONVERSION = YES;
				GCC_WARN_ABOUT_RETURN_TYPE = YES_ERROR;
				GCC_WARN_UNDECLARED_SELECTOR = YES;
				GCC_WARN_UNINITIALIZED_AUTOS = YES_AGGRESSIVE;
				GCC_WARN_UNUSED_FUNCTION = YES;
				GCC_WARN_UNUSED_VARIABLE = YES;
				IPHONEOS_DEPLOYMENT_TARGET = 16.1;
				MTL_ENABLE_DEBUG_INFO = INCLUDE_SOURCE;
				MTL_FAST_MATH = YES;
				ONLY_ACTIVE_ARCH = YES;
				SDKROOT = iphoneos;
				SWIFT_ACTIVE_COMPILATION_CONDITIONS = DEBUG;
				SWIFT_OPTIMIZATION_LEVEL = "-Onone";
			};
			name = Debug;
		};
		A3D4400C2A3D4F8D0061493B /* Release */ = {
			isa = XCBuildConfiguration;
			buildSettings = {
				ALWAYS_SEARCH_USER_PATHS = NO;
				CLANG_ANALYZER_NONNULL = YES;
				CLANG_ANALYZER_NUMBER_OBJECT_CONVERSION = YES_AGGRESSIVE;
				CLANG_CXX_LANGUAGE_STANDARD = "gnu++20";
				CLANG_ENABLE_MODULES = YES;
				CLANG_ENABLE_OBJC_ARC = YES;
				CLANG_ENABLE_OBJC_WEAK = YES;
				CLANG_WARN_BLOCK_CAPTURE_AUTORELEASING = YES;
				CLANG_WARN_BOOL_CONVERSION = YES;
				CLANG_WARN_COMMA = YES;
				CLANG_WARN_CONSTANT_CONVERSION = YES;
				CLANG_WARN_DEPRECATED_OBJC_IMPLEMENTATIONS = YES;
				CLANG_WARN_DIRECT_OBJC_ISA_USAGE = YES_ERROR;
				CLANG_WARN_DOCUMENTATION_COMMENTS = YES;
				CLANG_WARN_EMPTY_BODY = YES;
				CLANG_WARN_ENUM_CONVERSION = YES;
				CLANG_WARN_INFINITE_RECURSION = YES;
				CLANG_WARN_INT_CONVERSION = YES;
				CLANG_WARN_NON_LITERAL_NULL_CONVERSION = YES;
				CLANG_WARN_OBJC_IMPLICIT_RETAIN_SELF = YES;
				CLANG_WARN_OBJC_LITERAL_CONVERSION = YES;
				CLANG_WARN_OBJC_ROOT_CLASS = YES_ERROR;
				CLANG_WARN_QUOTED_INCLUDE_IN_FRAMEWORK_HEADER = YES;
				CLANG_WARN_RANGE_LOOP_ANALYSIS = YES;
				CLANG_WARN_STRICT_PROTOTYPES = YES;
				CLANG_WARN_SUSPICIOUS_MOVE = YES;
				CLANG_WARN_UNGUARDED_AVAILABILITY = YES_AGGRESSIVE;
				CLANG_WARN_UNREACHABLE_CODE = YES;
				CLANG_WARN__DUPLICATE_METHOD_MATCH = YES;
				COPY_PHASE_STRIP = NO;
				DEBUG_INFORMATION_FORMAT = "dwarf-with-dsym";
				ENABLE_NS_ASSERTIONS = NO;
				ENABLE_STRICT_OBJC_MSGSEND = YES;
				GCC_C_LANGUAGE_STANDARD = gnu11;
				GCC_NO_COMMON_BLOCKS = YES;
				GCC_WARN_64_TO_32_BIT_CONVERSION = YES;
				GCC_WARN_ABOUT_RETURN_TYPE = YES_ERROR;
				GCC_WARN_UNDECLARED_SELECTOR = YES;
				GCC_WARN_UNINITIALIZED_AUTOS = YES_AGGRESSIVE;
				GCC_WARN_UNUSED_FUNCTION = YES;
				GCC_WARN_UNUSED_VARIABLE = YES;
				IPHONEOS_DEPLOYMENT_TARGET = 16.1;
				MTL_ENABLE_DEBUG_INFO = NO;
				MTL_FAST_MATH = YES;
				SDKROOT = iphoneos;
				SWIFT_COMPILATION_MODE = wholemodule;
				SWIFT_OPTIMIZATION_LEVEL = "-O";
				VALIDATE_PRODUCT = YES;
			};
			name = Release;
		};
		A3D4400E2A3D4F8D0061493B /* Debug */ = {
			isa = XCBuildConfiguration;
			buildSettings = {
				ASSETCATALOG_COMPILER_APPICON_NAME = AppIcon;
				ASSETCATALOG_COMPILER_GLOBAL_ACCENT_COLOR_NAME = AccentColor;
				CODE_SIGN_STYLE = Automatic;
				CURRENT_PROJECT_VERSION = 1;
				DEVELOPMENT_ASSET_PATHS = "\"Rumahku/Preview Content\"";
				ENABLE_PREVIEWS = YES;
				GENERATE_INFOPLIST_FILE = YES;
				INFOPLIST_FILE = Rumahku/Info.plist;
				INFOPLIST_KEY_UIApplicationSceneManifest_Generation = YES;
				INFOPLIST_KEY_UIApplicationSupportsIndirectInputEvents = YES;
				INFOPLIST_KEY_UILaunchScreen_Generation = YES;
				INFOPLIST_KEY_UISupportedInterfaceOrientations_iPad = "UIInterfaceOrientationPortrait UIInterfaceOrientationPortraitUpsideDown UIInterfaceOrientationLandscapeLeft UIInterfaceOrientationLandscapeRight";
				INFOPLIST_KEY_UISupportedInterfaceOrientations_iPhone = "UIInterfaceOrientationPortrait UIInterfaceOrientationLandscapeLeft UIInterfaceOrientationLandscapeRight";
				LD_RUNPATH_SEARCH_PATHS = (
					"$(inherited)",
					"@executable_path/Frameworks",
				);
				MARKETING_VERSION = 1.0;
				PRODUCT_BUNDLE_IDENTIFIER = una.Rumahku;
				PRODUCT_NAME = "$(TARGET_NAME)";
				SWIFT_EMIT_LOC_STRINGS = YES;
				SWIFT_VERSION = 5.0;
				TARGETED_DEVICE_FAMILY = "1,2";
			};
			name = Debug;
		};
		A3D4400F2A3D4F8D0061493B /* Release */ = {
			isa = XCBuildConfiguration;
			buildSettings = {
				ASSETCATALOG_COMPILER_APPICON_NAME = AppIcon;
				ASSETCATALOG_COMPILER_GLOBAL_ACCENT_COLOR_NAME = AccentColor;
				CODE_SIGN_STYLE = Automatic;
				CURRENT_PROJECT_VERSION = 1;
				DEVELOPMENT_ASSET_PATHS = "\"Rumahku/Preview Content\"";
				ENABLE_PREVIEWS = YES;
				GENERATE_INFOPLIST_FILE = YES;
				INFOPLIST_FILE = Rumahku/Info.plist;
				INFOPLIST_KEY_UIApplicationSceneManifest_Generation = YES;
				INFOPLIST_KEY_UIApplicationSupportsIndirectInputEvents = YES;
				INFOPLIST_KEY_UILaunchScreen_Generation = YES;
				INFOPLIST_KEY_UISupportedInterfaceOrientations_iPad = "UIInterfaceOrientationPortrait UIInterfaceOrientationPortraitUpsideDown UIInterfaceOrientationLandscapeLeft UIInterfaceOrientationLandscapeRight";
				INFOPLIST_KEY_UISupportedInterfaceOrientations_iPhone = "UIInterfaceOrientationPortrait UIInterfaceOrientationLandscapeLeft UIInterfaceOrientationLandscapeRight";
				LD_RUNPATH_SEARCH_PATHS = (
					"$(inherited)",
					"@executable_path/Frameworks",
				);
				MARKETING_VERSION = 1.0;
				PRODUCT_BUNDLE_IDENTIFIER = una.Rumahku;
				PRODUCT_NAME = "$(TARGET_NAME)";
				SWIFT_EMIT_LOC_STRINGS = YES;
				SWIFT_VERSION = 5.0;
				TARGETED_DEVICE_FAMILY = "1,2";
			};
			name = Release;
		};
/* End XCBuildConfiguration section */

/* Begin XCConfigurationList section */
		A3D43FFA2A3D4F870061493B /* Build configuration list for PBXProject "Rumahku" */ = {
			isa = XCConfigurationList;
			buildConfigurations = (
				A3D4400B2A3D4F8D0061493B /* Debug */,
				A3D4400C2A3D4F8D0061493B /* Release */,
			);
			defaultConfigurationIsVisible = 0;
			defaultConfigurationName = Release;
		};
		A3D4400D2A3D4F8D0061493B /* Build configuration list for PBXNativeTarget "Rumahku" */ = {
			isa = XCConfigurationList;
			buildConfigurations = (
				A3D4400E2A3D4F8D0061493B /* Debug */,
				A3D4400F2A3D4F8D0061493B /* Release */,
			);
			defaultConfigurationIsVisible = 0;
			defaultConfigurationName = Release;
		};
/* End XCConfigurationList section */
	};
	rootObject = A3D43FF72A3D4F870061493B /* Project object */;
}
